// !$*UTF8*$!
{
	archiveVersion = 1;
	classes = {
	};
	objectVersion = 50;
	objects = {

/* Begin PBXBuildFile section */
		59AFA24924E671EE0070DFCD /* AppDelegate.swift in Sources */ = {isa = PBXBuildFile; fileRef = 59AFA24824E671EE0070DFCD /* AppDelegate.swift */; };
		59AFA24B24E671EE0070DFCD /* SceneDelegate.swift in Sources */ = {isa = PBXBuildFile; fileRef = 59AFA24A24E671EE0070DFCD /* SceneDelegate.swift */; };
		59AFA24D24E671EE0070DFCD /* ViewController.swift in Sources */ = {isa = PBXBuildFile; fileRef = 59AFA24C24E671EE0070DFCD /* ViewController.swift */; };
		59AFA25024E671EE0070DFCD /* Main.storyboard in Resources */ = {isa = PBXBuildFile; fileRef = 59AFA24E24E671EE0070DFCD /* Main.storyboard */; };
		59AFA25224E671F50070DFCD /* Assets.xcassets in Resources */ = {isa = PBXBuildFile; fileRef = 59AFA25124E671F50070DFCD /* Assets.xcassets */; };
		59AFA25524E671F50070DFCD /* LaunchScreen.storyboard in Resources */ = {isa = PBXBuildFile; fileRef = 59AFA25324E671F50070DFCD /* LaunchScreen.storyboard */; };
		59AFA25E24E672E10070DFCD /* tigers.jpg in Resources */ = {isa = PBXBuildFile; fileRef = 59AFA25D24E672E10070DFCD /* tigers.jpg */; };
/* End PBXBuildFile section */

/* Begin PBXFileReference section */
		59AFA24524E671EE0070DFCD /* iOSApplication.app */ = {isa = PBXFileReference; explicitFileType = wrapper.application; includeInIndex = 0; path = iOSApplication.app; sourceTree = BUILT_PRODUCTS_DIR; };
		59AFA24824E671EE0070DFCD /* AppDelegate.swift */ = {isa = PBXFileReference; lastKnownFileType = sourcecode.swift; path = AppDelegate.swift; sourceTree = "<group>"; };
		59AFA24A24E671EE0070DFCD /* SceneDelegate.swift */ = {isa = PBXFileReference; lastKnownFileType = sourcecode.swift; path = SceneDelegate.swift; sourceTree = "<group>"; };
		59AFA24C24E671EE0070DFCD /* ViewController.swift */ = {isa = PBXFileReference; lastKnownFileType = sourcecode.swift; path = ViewController.swift; sourceTree = "<group>"; };
		59AFA24F24E671EE0070DFCD /* Base */ = {isa = PBXFileReference; lastKnownFileType = file.storyboard; name = Base; path = Base.lproj/Main.storyboard; sourceTree = "<group>"; };
		59AFA25124E671F50070DFCD /* Assets.xcassets */ = {isa = PBXFileReference; lastKnownFileType = folder.assetcatalog; path = Assets.xcassets; sourceTree = "<group>"; };
		59AFA25424E671F50070DFCD /* Base */ = {isa = PBXFileReference; lastKnownFileType = file.storyboard; name = Base; path = Base.lproj/LaunchScreen.storyboard; sourceTree = "<group>"; };
		59AFA25624E671F50070DFCD /* Info.plist */ = {isa = PBXFileReference; lastKnownFileType = text.plist.xml; path = Info.plist; sourceTree = "<group>"; };
		59AFA25D24E672E10070DFCD /* tigers.jpg */ = {isa = PBXFileReference; lastKnownFileType = image.jpeg; path = tigers.jpg; sourceTree = "<group>"; };
/* End PBXFileReference section */

/* Begin PBXFrameworksBuildPhase section */
		59AFA24224E671EE0070DFCD /* Frameworks */ = {
			isa = PBXFrameworksBuildPhase;
			buildActionMask = 2147483647;
			files = (
			);
			runOnlyForDeploymentPostprocessing = 0;
		};
/* End PBXFrameworksBuildPhase section */

/* Begin PBXGroup section */
		59AFA23C24E671ED0070DFCD = {
			isa = PBXGroup;
			children = (
				59AFA24724E671EE0070DFCD /* iOSApplication */,
				59AFA24624E671EE0070DFCD /* Products */,
			);
			sourceTree = "<group>";
		};
		59AFA24624E671EE0070DFCD /* Products */ = {
			isa = PBXGroup;
			children = (
				59AFA24524E671EE0070DFCD /* iOSApplication.app */,
			);
			name = Products;
			sourceTree = "<group>";
		};
		59AFA24724E671EE0070DFCD /* iOSApplication */ = {
			isa = PBXGroup;
			children = (
				59AFA25C24E672030070DFCD /* Image */,
				59AFA24824E671EE0070DFCD /* AppDelegate.swift */,
				59AFA24A24E671EE0070DFCD /* SceneDelegate.swift */,
				59AFA24C24E671EE0070DFCD /* ViewController.swift */,
				59AFA24E24E671EE0070DFCD /* Main.storyboard */,
				59AFA25124E671F50070DFCD /* Assets.xcassets */,
				59AFA25324E671F50070DFCD /* LaunchScreen.storyboard */,
				59AFA25624E671F50070DFCD /* Info.plist */,
			);
			path = iOSApplication;
			sourceTree = "<group>";
		};
		59AFA25C24E672030070DFCD /* Image */ = {
			isa = PBXGroup;
			children = (
				59AFA25D24E672E10070DFCD /* tigers.jpg */,
			);
			path = Image;
			sourceTree = "<group>";
		};
/* End PBXGroup section */

/* Begin PBXNativeTarget section */
		59AFA24424E671EE0070DFCD /* iOSApplication */ = {
			isa = PBXNativeTarget;
			buildConfigurationList = 59AFA25924E671F50070DFCD /* Build configuration list for PBXNativeTarget "iOSApplication" */;
			buildPhases = (
				59AFA24124E671EE0070DFCD /* Sources */,
				59AFA24224E671EE0070DFCD /* Frameworks */,
				59AFA24324E671EE0070DFCD /* Resources */,
			);
			buildRules = (
			);
			dependencies = (
			);
			name = iOSApplication;
			productName = iOSApplication;
			productReference = 59AFA24524E671EE0070DFCD /* iOSApplication.app */;
			productType = "com.apple.product-type.application";
		};
/* End PBXNativeTarget section */

/* Begin PBXProject section */
		59AFA23D24E671ED0070DFCD /* Project object */ = {
			isa = PBXProject;
			attributes = {
				LastSwiftUpdateCheck = 1160;
				LastUpgradeCheck = 1160;
				ORGANIZATIONNAME = blkin;
				TargetAttributes = {
					59AFA24424E671EE0070DFCD = {
						CreatedOnToolsVersion = 11.6;
					};
				};
			};
			buildConfigurationList = 59AFA24024E671ED0070DFCD /* Build configuration list for PBXProject "iOSApplication" */;
			compatibilityVersion = "Xcode 9.3";
			developmentRegion = en;
			hasScannedForEncodings = 0;
			knownRegions = (
				en,
				Base,
			);
			mainGroup = 59AFA23C24E671ED0070DFCD;
			productRefGroup = 59AFA24624E671EE0070DFCD /* Products */;
			projectDirPath = "";
			projectRoot = "";
			targets = (
				59AFA24424E671EE0070DFCD /* iOSApplication */,
			);
		};
/* End PBXProject section */

/* Begin PBXResourcesBuildPhase section */
		59AFA24324E671EE0070DFCD /* Resources */ = {
			isa = PBXResourcesBuildPhase;
			buildActionMask = 2147483647;
			files = (
				59AFA25524E671F50070DFCD /* LaunchScreen.storyboard in Resources */,
				59AFA25224E671F50070DFCD /* Assets.xcassets in Resources */,
				59AFA25024E671EE0070DFCD /* Main.storyboard in Resources */,
				59AFA25E24E672E10070DFCD /* tigers.jpg in Resources */,
			);
			runOnlyForDeploymentPostprocessing = 0;
		};
/* End PBXResourcesBuildPhase section */

/* Begin PBXSourcesBuildPhase section */
		59AFA24124E671EE0070DFCD /* Sources */ = {
			isa = PBXSourcesBuildPhase;
			buildActionMask = 2147483647;
			files = (
				59AFA24D24E671EE0070DFCD /* ViewController.swift in Sources */,
				59AFA24924E671EE0070DFCD /* AppDelegate.swift in Sources */,
				59AFA24B24E671EE0070DFCD /* SceneDelegate.swift in Sources */,
			);
			runOnlyForDeploymentPostprocessing = 0;
		};
/* End PBXSourcesBuildPhase section */

/* Begin PBXVariantGroup section */
		59AFA24E24E671EE0070DFCD /* Main.storyboard */ = {
			isa = PBXVariantGroup;
			children = (
				59AFA24F24E671EE0070DFCD /* Base */,
			);
			name = Main.storyboard;
			sourceTree = "<group>";
		};
		59AFA25324E671F50070DFCD /* LaunchScreen.storyboard */ = {
			isa = PBXVariantGroup;
			children = (
				59AFA25424E671F50070DFCD /* Base */,
			);
			name = LaunchScreen.storyboard;
			sourceTree = "<group>";
		};
/* End PBXVariantGroup section */

/* Begin XCBuildConfiguration section */
		59AFA25724E671F50070DFCD /* Debug */ = {
			isa = XCBuildConfiguration;
			buildSettings = {
				ALWAYS_SEARCH_USER_PATHS = NO;
				CLANG_ANALYZER_NONNULL = YES;
				CLANG_ANALYZER_NUMBER_OBJECT_CONVERSION = YES_AGGRESSIVE;
				CLANG_CXX_LANGUAGE_STANDARD = "gnu++14";
				CLANG_CXX_LIBRARY = "libc++";
				CLANG_ENABLE_MODULES = YES;
				CLANG_ENABLE_OBJC_ARC = YES;
				CLANG_ENABLE_OBJC_WEAK = YES;
				CLANG_WARN_BLOCK_CAPTURE_AUTORELEASING = YES;
				CLANG_WARN_BOOL_CONVERSION = YES;
				CLANG_WARN_COMMA = YES;
				CLANG_WARN_CONSTANT_CONVERSION = YES;
				CLANG_WARN_DEPRECATED_OBJC_IMPLEMENTATIONS = YES;
				CLANG_WARN_DIRECT_OBJC_ISA_USAGE = YES_ERROR;
				CLANG_WARN_DOCUMENTATION_COMMENTS = YES;
				CLANG_WARN_EMPTY_BODY = YES;
				CLANG_WARN_ENUM_CONVERSION = YES;
				CLANG_WARN_INFINITE_RECURSION = YES;
				CLANG_WARN_INT_CONVERSION = YES;
				CLANG_WARN_NON_LITERAL_NULL_CONVERSION = YES;
				CLANG_WARN_OBJC_IMPLICIT_RETAIN_SELF = YES;
				CLANG_WARN_OBJC_LITERAL_CONVERSION = YES;
				CLANG_WARN_OBJC_ROOT_CLASS = YES_ERROR;
				CLANG_WARN_RANGE_LOOP_ANALYSIS = YES;
				CLANG_WARN_STRICT_PROTOTYPES = YES;
				CLANG_WARN_SUSPICIOUS_MOVE = YES;
				CLANG_WARN_UNGUARDED_AVAILABILITY = YES_AGGRESSIVE;
				CLANG_WARN_UNREACHABLE_CODE = YES;
				CLANG_WARN__DUPLICATE_METHOD_MATCH = YES;
				COPY_PHASE_STRIP = NO;
				DEBUG_INFORMATION_FORMAT = dwarf;
				ENABLE_STRICT_OBJC_MSGSEND = YES;
				ENABLE_TESTABILITY = YES;
				GCC_C_LANGUAGE_STANDARD = gnu11;
				GCC_DYNAMIC_NO_PIC = NO;
				GCC_NO_COMMON_BLOCKS = YES;
				GCC_OPTIMIZATION_LEVEL = 0;
				GCC_PREPROCESSOR_DEFINITIONS = (
					"DEBUG=1",
					"$(inherited)",
				);
				GCC_WARN_64_TO_32_BIT_CONVERSION = YES;
				GCC_WARN_ABOUT_RETURN_TYPE = YES_ERROR;
				GCC_WARN_UNDECLARED_SELECTOR = YES;
				GCC_WARN_UNINITIALIZED_AUTOS = YES_AGGRESSIVE;
				GCC_WARN_UNUSED_FUNCTION = YES;
				GCC_WARN_UNUSED_VARIABLE = YES;
				IPHONEOS_DEPLOYMENT_TARGET = 13.6;
				MTL_ENABLE_DEBUG_INFO = INCLUDE_SOURCE;
				MTL_FAST_MATH = YES;
				ONLY_ACTIVE_ARCH = YES;
				SDKROOT = iphoneos;
				SWIFT_ACTIVE_COMPILATION_CONDITIONS = DEBUG;
				SWIFT_OPTIMIZATION_LEVEL = "-Onone";
			};
			name = Debug;
		};
		59AFA25824E671F50070DFCD /* Release */ = {
			isa = XCBuildConfiguration;
			buildSettings = {
				ALWAYS_SEARCH_USER_PATHS = NO;
				CLANG_ANALYZER_NONNULL = YES;
				CLANG_ANALYZER_NUMBER_OBJECT_CONVERSION = YES_AGGRESSIVE;
				CLANG_CXX_LANGUAGE_STANDARD = "gnu++14";
				CLANG_CXX_LIBRARY = "libc++";
				CLANG_ENABLE_MODULES = YES;
				CLANG_ENABLE_OBJC_ARC = YES;
				CLANG_ENABLE_OBJC_WEAK = YES;
				CLANG_WARN_BLOCK_CAPTURE_AUTORELEASING = YES;
				CLANG_WARN_BOOL_CONVERSION = YES;
				CLANG_WARN_COMMA = YES;
				CLANG_WARN_CONSTANT_CONVERSION = YES;
				CLANG_WARN_DEPRECATED_OBJC_IMPLEMENTATIONS = YES;
				CLANG_WARN_DIRECT_OBJC_ISA_USAGE = YES_ERROR;
				CLANG_WARN_DOCUMENTATION_COMMENTS = YES;
				CLANG_WARN_EMPTY_BODY = YES;
				CLANG_WARN_ENUM_CONVERSION = YES;
				CLANG_WARN_INFINITE_RECURSION = YES;
				CLANG_WARN_INT_CONVERSION = YES;
				CLANG_WARN_NON_LITERAL_NULL_CONVERSION = YES;
				CLANG_WARN_OBJC_IMPLICIT_RETAIN_SELF = YES;
				CLANG_WARN_OBJC_LITERAL_CONVERSION = YES;
				CLANG_WARN_OBJC_ROOT_CLASS = YES_ERROR;
				CLANG_WARN_RANGE_LOOP_ANALYSIS = YES;
				CLANG_WARN_STRICT_PROTOTYPES = YES;
				CLANG_WARN_SUSPICIOUS_MOVE = YES;
				CLANG_WARN_UNGUARDED_AVAILABILITY = YES_AGGRESSIVE;
				CLANG_WARN_UNREACHABLE_CODE = YES;
				CLANG_WARN__DUPLICATE_METHOD_MATCH = YES;
				COPY_PHASE_STRIP = NO;
				DEBUG_INFORMATION_FORMAT = "dwarf-with-dsym";
				ENABLE_NS_ASSERTIONS = NO;
				ENABLE_STRICT_OBJC_MSGSEND = YES;
				GCC_C_LANGUAGE_STANDARD = gnu11;
				GCC_NO_COMMON_BLOCKS = YES;
				GCC_WARN_64_TO_32_BIT_CONVERSION = YES;
				GCC_WARN_ABOUT_RETURN_TYPE = YES_ERROR;
				GCC_WARN_UNDECLARED_SELECTOR = YES;
				GCC_WARN_UNINITIALIZED_AUTOS = YES_AGGRESSIVE;
				GCC_WARN_UNUSED_FUNCTION = YES;
				GCC_WARN_UNUSED_VARIABLE = YES;
				IPHONEOS_DEPLOYMENT_TARGET = 13.6;
				MTL_ENABLE_DEBUG_INFO = NO;
				MTL_FAST_MATH = YES;
				SDKROOT = iphoneos;
				SWIFT_COMPILATION_MODE = wholemodule;
				SWIFT_OPTIMIZATION_LEVEL = "-O";
				VALIDATE_PRODUCT = YES;
			};
			name = Release;
		};
		59AFA25A24E671F50070DFCD /* Debug */ = {
			isa = XCBuildConfiguration;
			buildSettings = {
				ASSETCATALOG_COMPILER_APPICON_NAME = AppIcon;
				CODE_SIGN_STYLE = Automatic;
				INFOPLIST_FILE = iOSApplication/Info.plist;
				LD_RUNPATH_SEARCH_PATHS = (
					"$(inherited)",
					"@executable_path/Frameworks",
				);
				PRODUCT_BUNDLE_IDENTIFIER = gmail.binkug940.iOSApplication;
				PRODUCT_NAME = "$(TARGET_NAME)";
				SWIFT_VERSION = 5.0;
				TARGETED_DEVICE_FAMILY = "1,2";
			};
			name = Debug;
		};
		59AFA25B24E671F50070DFCD /* Release */ = {
			isa = XCBuildConfiguration;
			buildSettings = {
				ASSETCATALOG_COMPILER_APPICON_NAME = AppIcon;
				CODE_SIGN_STYLE = Automatic;
				INFOPLIST_FILE = iOSApplication/Info.plist;
				LD_RUNPATH_SEARCH_PATHS = (
					"$(inherited)",
					"@executable_path/Frameworks",
				);
				PRODUCT_BUNDLE_IDENTIFIER = gmail.binkug940.iOSApplication;
				PRODUCT_NAME = "$(TARGET_NAME)";
				SWIFT_VERSION = 5.0;
				TARGETED_DEVICE_FAMILY = "1,2";
			};
			name = Release;
		};
/* End XCBuildConfiguration section */

/* Begin XCConfigurationList section */
		59AFA24024E671ED0070DFCD /* Build configuration list for PBXProject "iOSApplication" */ = {
			isa = XCConfigurationList;
			buildConfigurations = (
				59AFA25724E671F50070DFCD /* Debug */,
				59AFA25824E671F50070DFCD /* Release */,
			);
			defaultConfigurationIsVisible = 0;
			defaultConfigurationName = Release;
		};
		59AFA25924E671F50070DFCD /* Build configuration list for PBXNativeTarget "iOSApplication" */ = {
			isa = XCConfigurationList;
			buildConfigurations = (
				59AFA25A24E671F50070DFCD /* Debug */,
				59AFA25B24E671F50070DFCD /* Release */,
			);
			defaultConfigurationIsVisible = 0;
			defaultConfigurationName = Release;
		};
/* End XCConfigurationList section */
	};
	rootObject = 59AFA23D24E671ED0070DFCD /* Project object */;
}
