// !$*UTF8*$!
{
	archiveVersion = 1;
	classes = {
	};
	objectVersion = 50;
	objects = {

/* Begin PBXBuildFile section */
		59AFA22224E66F440070DFCD /* AppDelegate.swift in Sources */ = {isa = PBXBuildFile; fileRef = 59AFA22124E66F440070DFCD /* AppDelegate.swift */; };
		59AFA22424E66F440070DFCD /* SceneDelegate.swift in Sources */ = {isa = PBXBuildFile; fileRef = 59AFA22324E66F440070DFCD /* SceneDelegate.swift */; };
		59AFA22B24E66F440070DFCD /* Assets.xcassets in Resources */ = {isa = PBXBuildFile; fileRef = 59AFA22A24E66F440070DFCD /* Assets.xcassets */; };
		59AFA22E24E66F440070DFCD /* LaunchScreen.storyboard in Resources */ = {isa = PBXBuildFile; fileRef = 59AFA22C24E66F440070DFCD /* LaunchScreen.storyboard */; };
		59AFA23624E66FA30070DFCD /* Main.storyboard in Resources */ = {isa = PBXBuildFile; fileRef = 59AFA23524E66FA30070DFCD /* Main.storyboard */; };
		59AFA23824E66FC80070DFCD /* ViewController.swift in Sources */ = {isa = PBXBuildFile; fileRef = 59AFA23724E66FC80070DFCD /* ViewController.swift */; };
		59AFA23B24E670190070DFCD /* musa.jpeg in Resources */ = {isa = PBXBuildFile; fileRef = 59AFA23A24E670190070DFCD /* musa.jpeg */; };
		59AFA26624EB5A880070DFCD /* AppDelegate.swift in Sources */ = {isa = PBXBuildFile; fileRef = 59AFA26524EB5A880070DFCD /* AppDelegate.swift */; };
		59AFA26824EB5A880070DFCD /* SceneDelegate.swift in Sources */ = {isa = PBXBuildFile; fileRef = 59AFA26724EB5A880070DFCD /* SceneDelegate.swift */; };
		59AFA26A24EB5A880070DFCD /* ViewController.swift in Sources */ = {isa = PBXBuildFile; fileRef = 59AFA26924EB5A880070DFCD /* ViewController.swift */; };
		59AFA26F24EB5AC10070DFCD /* Assets.xcassets in Resources */ = {isa = PBXBuildFile; fileRef = 59AFA26E24EB5AC10070DFCD /* Assets.xcassets */; };
		59AFA27224EB5AC10070DFCD /* LaunchScreen.storyboard in Resources */ = {isa = PBXBuildFile; fileRef = 59AFA27024EB5AC10070DFCD /* LaunchScreen.storyboard */; };
		59AFA27E24EB5B170070DFCD /* image1.png in Resources */ = {isa = PBXBuildFile; fileRef = 59AFA27824EB5B170070DFCD /* image1.png */; };
		59AFA27F24EB5B170070DFCD /* image2.png in Resources */ = {isa = PBXBuildFile; fileRef = 59AFA27924EB5B170070DFCD /* image2.png */; };
		59AFA28024EB5B170070DFCD /* image4.png in Resources */ = {isa = PBXBuildFile; fileRef = 59AFA27A24EB5B170070DFCD /* image4.png */; };
		59AFA28124EB5B170070DFCD /* image3.png in Resources */ = {isa = PBXBuildFile; fileRef = 59AFA27B24EB5B170070DFCD /* image3.png */; };
		59AFA28224EB5B170070DFCD /* image6.png in Resources */ = {isa = PBXBuildFile; fileRef = 59AFA27C24EB5B170070DFCD /* image6.png */; };
		59AFA28324EB5B170070DFCD /* image5.png in Resources */ = {isa = PBXBuildFile; fileRef = 59AFA27D24EB5B170070DFCD /* image5.png */; };
		59AFA28E24EB72540070DFCD /* AppDelegate.swift in Sources */ = {isa = PBXBuildFile; fileRef = 59AFA28D24EB72540070DFCD /* AppDelegate.swift */; };
		59AFA29024EB72540070DFCD /* SceneDelegate.swift in Sources */ = {isa = PBXBuildFile; fileRef = 59AFA28F24EB72540070DFCD /* SceneDelegate.swift */; };
		59AFA29224EB72540070DFCD /* ViewController.swift in Sources */ = {isa = PBXBuildFile; fileRef = 59AFA29124EB72540070DFCD /* ViewController.swift */; };
		59AFA29724EB726F0070DFCD /* Assets.xcassets in Resources */ = {isa = PBXBuildFile; fileRef = 59AFA29624EB726F0070DFCD /* Assets.xcassets */; };
		59AFA29A24EB726F0070DFCD /* LaunchScreen.storyboard in Resources */ = {isa = PBXBuildFile; fileRef = 59AFA29824EB726F0070DFCD /* LaunchScreen.storyboard */; };
		59AFA2A624EB7A980070DFCD /* Main.storyboard in Resources */ = {isa = PBXBuildFile; fileRef = 59AFA2A424EB7A980070DFCD /* Main.storyboard */; };
		59AFA2AD24EB80280070DFCD /* red2.jpg in Resources */ = {isa = PBXBuildFile; fileRef = 59AFA2A824EB80280070DFCD /* red2.jpg */; };
		59AFA2AE24EB80280070DFCD /* red0.jpg in Resources */ = {isa = PBXBuildFile; fileRef = 59AFA2A924EB80280070DFCD /* red0.jpg */; };
		59AFA2AF24EB80280070DFCD /* red3.jpg in Resources */ = {isa = PBXBuildFile; fileRef = 59AFA2AA24EB80280070DFCD /* red3.jpg */; };
		59AFA2B024EB80280070DFCD /* red1.jpg in Resources */ = {isa = PBXBuildFile; fileRef = 59AFA2AB24EB80280070DFCD /* red1.jpg */; };
		59AFA2B124EB80280070DFCD /* red4.jpg in Resources */ = {isa = PBXBuildFile; fileRef = 59AFA2AC24EB80280070DFCD /* red4.jpg */; };
		59AFA2D224EBB5510070DFCD /* AppDelegate.swift in Sources */ = {isa = PBXBuildFile; fileRef = 59AFA2D124EBB5510070DFCD /* AppDelegate.swift */; };
		59AFA2D424EBB5510070DFCD /* SceneDelegate.swift in Sources */ = {isa = PBXBuildFile; fileRef = 59AFA2D324EBB5510070DFCD /* SceneDelegate.swift */; };
		59AFA2D624EBB5510070DFCD /* ViewController.swift in Sources */ = {isa = PBXBuildFile; fileRef = 59AFA2D524EBB5510070DFCD /* ViewController.swift */; };
		59AFA2D924EBB5510070DFCD /* Main.storyboard in Resources */ = {isa = PBXBuildFile; fileRef = 59AFA2D724EBB5510070DFCD /* Main.storyboard */; };
		59AFA2DB24EBB5640070DFCD /* Assets.xcassets in Resources */ = {isa = PBXBuildFile; fileRef = 59AFA2DA24EBB5640070DFCD /* Assets.xcassets */; };
		59AFA2DE24EBB5640070DFCD /* LaunchScreen.storyboard in Resources */ = {isa = PBXBuildFile; fileRef = 59AFA2DC24EBB5640070DFCD /* LaunchScreen.storyboard */; };
/* End PBXBuildFile section */

/* Begin PBXFileReference section */
		59AFA21E24E66F440070DFCD /* iOS.app */ = {isa = PBXFileReference; explicitFileType = wrapper.application; includeInIndex = 0; path = iOS.app; sourceTree = BUILT_PRODUCTS_DIR; };
		59AFA22124E66F440070DFCD /* AppDelegate.swift */ = {isa = PBXFileReference; lastKnownFileType = sourcecode.swift; path = AppDelegate.swift; sourceTree = "<group>"; };
		59AFA22324E66F440070DFCD /* SceneDelegate.swift */ = {isa = PBXFileReference; lastKnownFileType = sourcecode.swift; path = SceneDelegate.swift; sourceTree = "<group>"; };
		59AFA22A24E66F440070DFCD /* Assets.xcassets */ = {isa = PBXFileReference; lastKnownFileType = folder.assetcatalog; path = Assets.xcassets; sourceTree = "<group>"; };
		59AFA22D24E66F440070DFCD /* Base */ = {isa = PBXFileReference; lastKnownFileType = file.storyboard; name = Base; path = Base.lproj/LaunchScreen.storyboard; sourceTree = "<group>"; };
		59AFA22F24E66F440070DFCD /* Info.plist */ = {isa = PBXFileReference; lastKnownFileType = text.plist.xml; path = Info.plist; sourceTree = "<group>"; };
		59AFA23524E66FA30070DFCD /* Main.storyboard */ = {isa = PBXFileReference; fileEncoding = 4; lastKnownFileType = file.storyboard; path = Main.storyboard; sourceTree = "<group>"; };
		59AFA23724E66FC80070DFCD /* ViewController.swift */ = {isa = PBXFileReference; fileEncoding = 4; lastKnownFileType = sourcecode.swift; name = ViewController.swift; path = ../../../../../../Volumes/hybrid/iOS/TouchEventApp/TouchEventApp/ViewController.swift; sourceTree = "<group>"; };
		59AFA23A24E670190070DFCD /* musa.jpeg */ = {isa = PBXFileReference; lastKnownFileType = image.jpeg; path = musa.jpeg; sourceTree = "<group>"; };
		59AFA26324EB5A880070DFCD /* ScrollViewPaging.app */ = {isa = PBXFileReference; explicitFileType = wrapper.application; includeInIndex = 0; path = ScrollViewPaging.app; sourceTree = BUILT_PRODUCTS_DIR; };
		59AFA26524EB5A880070DFCD /* AppDelegate.swift */ = {isa = PBXFileReference; lastKnownFileType = sourcecode.swift; path = AppDelegate.swift; sourceTree = "<group>"; };
		59AFA26724EB5A880070DFCD /* SceneDelegate.swift */ = {isa = PBXFileReference; lastKnownFileType = sourcecode.swift; path = SceneDelegate.swift; sourceTree = "<group>"; };
		59AFA26924EB5A880070DFCD /* ViewController.swift */ = {isa = PBXFileReference; lastKnownFileType = sourcecode.swift; path = ViewController.swift; sourceTree = "<group>"; };
		59AFA26E24EB5AC10070DFCD /* Assets.xcassets */ = {isa = PBXFileReference; lastKnownFileType = folder.assetcatalog; path = Assets.xcassets; sourceTree = "<group>"; };
		59AFA27124EB5AC10070DFCD /* Base */ = {isa = PBXFileReference; lastKnownFileType = file.storyboard; name = Base; path = Base.lproj/LaunchScreen.storyboard; sourceTree = "<group>"; };
		59AFA27324EB5AC10070DFCD /* Info.plist */ = {isa = PBXFileReference; lastKnownFileType = text.plist.xml; path = Info.plist; sourceTree = "<group>"; };
		59AFA27824EB5B170070DFCD /* image1.png */ = {isa = PBXFileReference; lastKnownFileType = image.png; path = image1.png; sourceTree = "<group>"; };
		59AFA27924EB5B170070DFCD /* image2.png */ = {isa = PBXFileReference; lastKnownFileType = image.png; path = image2.png; sourceTree = "<group>"; };
		59AFA27A24EB5B170070DFCD /* image4.png */ = {isa = PBXFileReference; lastKnownFileType = image.png; path = image4.png; sourceTree = "<group>"; };
		59AFA27B24EB5B170070DFCD /* image3.png */ = {isa = PBXFileReference; lastKnownFileType = image.png; path = image3.png; sourceTree = "<group>"; };
		59AFA27C24EB5B170070DFCD /* image6.png */ = {isa = PBXFileReference; lastKnownFileType = image.png; path = image6.png; sourceTree = "<group>"; };
		59AFA27D24EB5B170070DFCD /* image5.png */ = {isa = PBXFileReference; lastKnownFileType = image.png; path = image5.png; sourceTree = "<group>"; };
		59AFA28624EB679A0070DFCD /* Main.storyboard */ = {isa = PBXFileReference; lastKnownFileType = file.storyboard; path = Main.storyboard; sourceTree = "<group>"; };
		59AFA28B24EB72540070DFCD /* PikerVIew.app */ = {isa = PBXFileReference; explicitFileType = wrapper.application; includeInIndex = 0; path = PikerVIew.app; sourceTree = BUILT_PRODUCTS_DIR; };
		59AFA28D24EB72540070DFCD /* AppDelegate.swift */ = {isa = PBXFileReference; lastKnownFileType = sourcecode.swift; path = AppDelegate.swift; sourceTree = "<group>"; };
		59AFA28F24EB72540070DFCD /* SceneDelegate.swift */ = {isa = PBXFileReference; lastKnownFileType = sourcecode.swift; path = SceneDelegate.swift; sourceTree = "<group>"; };
		59AFA29124EB72540070DFCD /* ViewController.swift */ = {isa = PBXFileReference; lastKnownFileType = sourcecode.swift; path = ViewController.swift; sourceTree = "<group>"; };
		59AFA29624EB726F0070DFCD /* Assets.xcassets */ = {isa = PBXFileReference; lastKnownFileType = folder.assetcatalog; path = Assets.xcassets; sourceTree = "<group>"; };
		59AFA29924EB726F0070DFCD /* Base */ = {isa = PBXFileReference; lastKnownFileType = file.storyboard; name = Base; path = Base.lproj/LaunchScreen.storyboard; sourceTree = "<group>"; };
		59AFA29B24EB726F0070DFCD /* Info.plist */ = {isa = PBXFileReference; lastKnownFileType = text.plist.xml; path = Info.plist; sourceTree = "<group>"; };
		59AFA2A524EB7A980070DFCD /* Base */ = {isa = PBXFileReference; lastKnownFileType = file.storyboard; name = Base; path = ../../../../../../Volumes/hybrid/iOS/iOSApp/PickerView/Base.lproj/Main.storyboard; sourceTree = "<group>"; };
		59AFA2A824EB80280070DFCD /* red2.jpg */ = {isa = PBXFileReference; lastKnownFileType = image.jpeg; path = red2.jpg; sourceTree = "<group>"; };
		59AFA2A924EB80280070DFCD /* red0.jpg */ = {isa = PBXFileReference; lastKnownFileType = image.jpeg; path = red0.jpg; sourceTree = "<group>"; };
		59AFA2AA24EB80280070DFCD /* red3.jpg */ = {isa = PBXFileReference; lastKnownFileType = image.jpeg; path = red3.jpg; sourceTree = "<group>"; };
		59AFA2AB24EB80280070DFCD /* red1.jpg */ = {isa = PBXFileReference; lastKnownFileType = image.jpeg; path = red1.jpg; sourceTree = "<group>"; };
		59AFA2AC24EB80280070DFCD /* red4.jpg */ = {isa = PBXFileReference; lastKnownFileType = image.jpeg; path = red4.jpg; sourceTree = "<group>"; };
		59AFA2CF24EBB5510070DFCD /* Notification.app */ = {isa = PBXFileReference; explicitFileType = wrapper.application; includeInIndex = 0; path = Notification.app; sourceTree = BUILT_PRODUCTS_DIR; };
		59AFA2D124EBB5510070DFCD /* AppDelegate.swift */ = {isa = PBXFileReference; lastKnownFileType = sourcecode.swift; path = AppDelegate.swift; sourceTree = "<group>"; };
		59AFA2D324EBB5510070DFCD /* SceneDelegate.swift */ = {isa = PBXFileReference; lastKnownFileType = sourcecode.swift; path = SceneDelegate.swift; sourceTree = "<group>"; };
		59AFA2D524EBB5510070DFCD /* ViewController.swift */ = {isa = PBXFileReference; lastKnownFileType = sourcecode.swift; path = ViewController.swift; sourceTree = "<group>"; };
		59AFA2D824EBB5510070DFCD /* Base */ = {isa = PBXFileReference; lastKnownFileType = file.storyboard; name = Base; path = Base.lproj/Main.storyboard; sourceTree = "<group>"; };
		59AFA2DA24EBB5640070DFCD /* Assets.xcassets */ = {isa = PBXFileReference; lastKnownFileType = folder.assetcatalog; path = Assets.xcassets; sourceTree = "<group>"; };
		59AFA2DD24EBB5640070DFCD /* Base */ = {isa = PBXFileReference; lastKnownFileType = file.storyboard; name = Base; path = Base.lproj/LaunchScreen.storyboard; sourceTree = "<group>"; };
		59AFA2DF24EBB5640070DFCD /* Info.plist */ = {isa = PBXFileReference; lastKnownFileType = text.plist.xml; path = Info.plist; sourceTree = "<group>"; };
/* End PBXFileReference section */

/* Begin PBXFrameworksBuildPhase section */
		59AFA21B24E66F440070DFCD /* Frameworks */ = {
			isa = PBXFrameworksBuildPhase;
			buildActionMask = 2147483647;
			files = (
			);
			runOnlyForDeploymentPostprocessing = 0;
		};
		59AFA26024EB5A880070DFCD /* Frameworks */ = {
			isa = PBXFrameworksBuildPhase;
			buildActionMask = 2147483647;
			files = (
			);
			runOnlyForDeploymentPostprocessing = 0;
		};
		59AFA28824EB72540070DFCD /* Frameworks */ = {
			isa = PBXFrameworksBuildPhase;
			buildActionMask = 2147483647;
			files = (
			);
			runOnlyForDeploymentPostprocessing = 0;
		};
		59AFA2CC24EBB5510070DFCD /* Frameworks */ = {
			isa = PBXFrameworksBuildPhase;
			buildActionMask = 2147483647;
			files = (
			);
			runOnlyForDeploymentPostprocessing = 0;
		};
/* End PBXFrameworksBuildPhase section */

/* Begin PBXGroup section */
		59AFA21524E66F440070DFCD = {
			isa = PBXGroup;
			children = (
				59AFA22024E66F440070DFCD /* iOS */,
				59AFA26424EB5A880070DFCD /* ScrollViewPaging */,
				59AFA28C24EB72540070DFCD /* PikerVIew */,
				59AFA2D024EBB5510070DFCD /* Notification */,
				59AFA21F24E66F440070DFCD /* Products */,
			);
			sourceTree = "<group>";
		};
		59AFA21F24E66F440070DFCD /* Products */ = {
			isa = PBXGroup;
			children = (
				59AFA21E24E66F440070DFCD /* iOS.app */,
				59AFA26324EB5A880070DFCD /* ScrollViewPaging.app */,
				59AFA28B24EB72540070DFCD /* PikerVIew.app */,
				59AFA2CF24EBB5510070DFCD /* Notification.app */,
			);
			name = Products;
			sourceTree = "<group>";
		};
		59AFA22024E66F440070DFCD /* iOS */ = {
			isa = PBXGroup;
			children = (
				59AFA23924E670030070DFCD /* Image */,
				59AFA23724E66FC80070DFCD /* ViewController.swift */,
				59AFA23524E66FA30070DFCD /* Main.storyboard */,
				59AFA22124E66F440070DFCD /* AppDelegate.swift */,
				59AFA22324E66F440070DFCD /* SceneDelegate.swift */,
				59AFA22A24E66F440070DFCD /* Assets.xcassets */,
				59AFA22C24E66F440070DFCD /* LaunchScreen.storyboard */,
				59AFA22F24E66F440070DFCD /* Info.plist */,
			);
			path = iOS;
			sourceTree = "<group>";
		};
		59AFA23924E670030070DFCD /* Image */ = {
			isa = PBXGroup;
			children = (
				59AFA23A24E670190070DFCD /* musa.jpeg */,
			);
			path = Image;
			sourceTree = "<group>";
		};
		59AFA26424EB5A880070DFCD /* ScrollViewPaging */ = {
			isa = PBXGroup;
			children = (
				59AFA27724EB5AFC0070DFCD /* img */,
				59AFA26524EB5A880070DFCD /* AppDelegate.swift */,
				59AFA26724EB5A880070DFCD /* SceneDelegate.swift */,
				59AFA26924EB5A880070DFCD /* ViewController.swift */,
				59AFA28624EB679A0070DFCD /* Main.storyboard */,
				59AFA26E24EB5AC10070DFCD /* Assets.xcassets */,
				59AFA27024EB5AC10070DFCD /* LaunchScreen.storyboard */,
				59AFA27324EB5AC10070DFCD /* Info.plist */,
			);
			path = ScrollViewPaging;
			sourceTree = "<group>";
		};
		59AFA27724EB5AFC0070DFCD /* img */ = {
			isa = PBXGroup;
			children = (
				59AFA27824EB5B170070DFCD /* image1.png */,
				59AFA27924EB5B170070DFCD /* image2.png */,
				59AFA27B24EB5B170070DFCD /* image3.png */,
				59AFA27A24EB5B170070DFCD /* image4.png */,
				59AFA27D24EB5B170070DFCD /* image5.png */,
				59AFA27C24EB5B170070DFCD /* image6.png */,
			);
			path = img;
			sourceTree = "<group>";
		};
		59AFA28C24EB72540070DFCD /* PikerVIew */ = {
			isa = PBXGroup;
			children = (
				59AFA2A724EB80170070DFCD /* images */,
				59AFA28D24EB72540070DFCD /* AppDelegate.swift */,
				59AFA28F24EB72540070DFCD /* SceneDelegate.swift */,
				59AFA29124EB72540070DFCD /* ViewController.swift */,
				59AFA2A424EB7A980070DFCD /* Main.storyboard */,
				59AFA29624EB726F0070DFCD /* Assets.xcassets */,
				59AFA29824EB726F0070DFCD /* LaunchScreen.storyboard */,
				59AFA29B24EB726F0070DFCD /* Info.plist */,
			);
			path = PikerVIew;
			sourceTree = "<group>";
		};
		59AFA2A724EB80170070DFCD /* images */ = {
			isa = PBXGroup;
			children = (
				59AFA2A924EB80280070DFCD /* red0.jpg */,
				59AFA2AB24EB80280070DFCD /* red1.jpg */,
				59AFA2A824EB80280070DFCD /* red2.jpg */,
				59AFA2AA24EB80280070DFCD /* red3.jpg */,
				59AFA2AC24EB80280070DFCD /* red4.jpg */,
			);
			path = images;
			sourceTree = "<group>";
		};
		59AFA2D024EBB5510070DFCD /* Notification */ = {
			isa = PBXGroup;
			children = (
				59AFA2D124EBB5510070DFCD /* AppDelegate.swift */,
				59AFA2D324EBB5510070DFCD /* SceneDelegate.swift */,
				59AFA2D524EBB5510070DFCD /* ViewController.swift */,
				59AFA2D724EBB5510070DFCD /* Main.storyboard */,
				59AFA2DA24EBB5640070DFCD /* Assets.xcassets */,
				59AFA2DC24EBB5640070DFCD /* LaunchScreen.storyboard */,
				59AFA2DF24EBB5640070DFCD /* Info.plist */,
			);
			path = Notification;
			sourceTree = "<group>";
		};
/* End PBXGroup section */

/* Begin PBXNativeTarget section */
		59AFA21D24E66F440070DFCD /* iOS */ = {
			isa = PBXNativeTarget;
			buildConfigurationList = 59AFA23224E66F440070DFCD /* Build configuration list for PBXNativeTarget "iOS" */;
			buildPhases = (
				59AFA21A24E66F440070DFCD /* Sources */,
				59AFA21B24E66F440070DFCD /* Frameworks */,
				59AFA21C24E66F440070DFCD /* Resources */,
			);
			buildRules = (
			);
			dependencies = (
			);
			name = iOS;
			productName = iOS;
			productReference = 59AFA21E24E66F440070DFCD /* iOS.app */;
			productType = "com.apple.product-type.application";
		};
		59AFA26224EB5A880070DFCD /* ScrollViewPaging */ = {
			isa = PBXNativeTarget;
			buildConfigurationList = 59AFA27624EB5AC10070DFCD /* Build configuration list for PBXNativeTarget "ScrollViewPaging" */;
			buildPhases = (
				59AFA25F24EB5A880070DFCD /* Sources */,
				59AFA26024EB5A880070DFCD /* Frameworks */,
				59AFA26124EB5A880070DFCD /* Resources */,
			);
			buildRules = (
			);
			dependencies = (
			);
			name = ScrollViewPaging;
			productName = ScrollViewPaging;
			productReference = 59AFA26324EB5A880070DFCD /* ScrollViewPaging.app */;
			productType = "com.apple.product-type.application";
		};
		59AFA28A24EB72540070DFCD /* PikerVIew */ = {
			isa = PBXNativeTarget;
			buildConfigurationList = 59AFA29C24EB726F0070DFCD /* Build configuration list for PBXNativeTarget "PikerVIew" */;
			buildPhases = (
				59AFA28724EB72540070DFCD /* Sources */,
				59AFA28824EB72540070DFCD /* Frameworks */,
				59AFA28924EB72540070DFCD /* Resources */,
			);
			buildRules = (
			);
			dependencies = (
			);
			name = PikerVIew;
			productName = PikerVIew;
			productReference = 59AFA28B24EB72540070DFCD /* PikerVIew.app */;
			productType = "com.apple.product-type.application";
		};
		59AFA2CE24EBB5510070DFCD /* Notification */ = {
			isa = PBXNativeTarget;
			buildConfigurationList = 59AFA2E024EBB5640070DFCD /* Build configuration list for PBXNativeTarget "Notification" */;
			buildPhases = (
				59AFA2CB24EBB5510070DFCD /* Sources */,
				59AFA2CC24EBB5510070DFCD /* Frameworks */,
				59AFA2CD24EBB5510070DFCD /* Resources */,
			);
			buildRules = (
			);
			dependencies = (
			);
			name = Notification;
			productName = Notification;
			productReference = 59AFA2CF24EBB5510070DFCD /* Notification.app */;
			productType = "com.apple.product-type.application";
		};
/* End PBXNativeTarget section */

/* Begin PBXProject section */
		59AFA21624E66F440070DFCD /* Project object */ = {
			isa = PBXProject;
			attributes = {
				LastSwiftUpdateCheck = 1160;
				LastUpgradeCheck = 1160;
				ORGANIZATIONNAME = blkin;
				TargetAttributes = {
					59AFA21D24E66F440070DFCD = {
						CreatedOnToolsVersion = 11.6;
					};
					59AFA26224EB5A880070DFCD = {
						CreatedOnToolsVersion = 11.6;
					};
					59AFA28A24EB72540070DFCD = {
						CreatedOnToolsVersion = 11.6;
					};
					59AFA2CE24EBB5510070DFCD = {
						CreatedOnToolsVersion = 11.6;
					};
				};
			};
			buildConfigurationList = 59AFA21924E66F440070DFCD /* Build configuration list for PBXProject "iOS" */;
			compatibilityVersion = "Xcode 9.3";
			developmentRegion = en;
			hasScannedForEncodings = 0;
			knownRegions = (
				en,
				Base,
			);
			mainGroup = 59AFA21524E66F440070DFCD;
			productRefGroup = 59AFA21F24E66F440070DFCD /* Products */;
			projectDirPath = "";
			projectRoot = "";
			targets = (
				59AFA21D24E66F440070DFCD /* iOS */,
				59AFA26224EB5A880070DFCD /* ScrollViewPaging */,
				59AFA28A24EB72540070DFCD /* PikerVIew */,
				59AFA2CE24EBB5510070DFCD /* Notification */,
			);
		};
/* End PBXProject section */

/* Begin PBXResourcesBuildPhase section */
		59AFA21C24E66F440070DFCD /* Resources */ = {
			isa = PBXResourcesBuildPhase;
			buildActionMask = 2147483647;
			files = (
				59AFA22E24E66F440070DFCD /* LaunchScreen.storyboard in Resources */,
				59AFA22B24E66F440070DFCD /* Assets.xcassets in Resources */,
				59AFA23624E66FA30070DFCD /* Main.storyboard in Resources */,
				59AFA23B24E670190070DFCD /* musa.jpeg in Resources */,
			);
			runOnlyForDeploymentPostprocessing = 0;
		};
		59AFA26124EB5A880070DFCD /* Resources */ = {
			isa = PBXResourcesBuildPhase;
			buildActionMask = 2147483647;
			files = (
				59AFA28024EB5B170070DFCD /* image4.png in Resources */,
				59AFA27224EB5AC10070DFCD /* LaunchScreen.storyboard in Resources */,
				59AFA27F24EB5B170070DFCD /* image2.png in Resources */,
				59AFA27E24EB5B170070DFCD /* image1.png in Resources */,
				59AFA26F24EB5AC10070DFCD /* Assets.xcassets in Resources */,
				59AFA28324EB5B170070DFCD /* image5.png in Resources */,
				59AFA28124EB5B170070DFCD /* image3.png in Resources */,
				59AFA28224EB5B170070DFCD /* image6.png in Resources */,
			);
			runOnlyForDeploymentPostprocessing = 0;
		};
		59AFA28924EB72540070DFCD /* Resources */ = {
			isa = PBXResourcesBuildPhase;
			buildActionMask = 2147483647;
			files = (
				59AFA2AD24EB80280070DFCD /* red2.jpg in Resources */,
				59AFA2AF24EB80280070DFCD /* red3.jpg in Resources */,
				59AFA2B024EB80280070DFCD /* red1.jpg in Resources */,
				59AFA2AE24EB80280070DFCD /* red0.jpg in Resources */,
				59AFA29A24EB726F0070DFCD /* LaunchScreen.storyboard in Resources */,
				59AFA29724EB726F0070DFCD /* Assets.xcassets in Resources */,
				59AFA2B124EB80280070DFCD /* red4.jpg in Resources */,
				59AFA2A624EB7A980070DFCD /* Main.storyboard in Resources */,
			);
			runOnlyForDeploymentPostprocessing = 0;
		};
		59AFA2CD24EBB5510070DFCD /* Resources */ = {
			isa = PBXResourcesBuildPhase;
			buildActionMask = 2147483647;
			files = (
				59AFA2DE24EBB5640070DFCD /* LaunchScreen.storyboard in Resources */,
				59AFA2DB24EBB5640070DFCD /* Assets.xcassets in Resources */,
				59AFA2D924EBB5510070DFCD /* Main.storyboard in Resources */,
			);
			runOnlyForDeploymentPostprocessing = 0;
		};
/* End PBXResourcesBuildPhase section */

/* Begin PBXSourcesBuildPhase section */
		59AFA21A24E66F440070DFCD /* Sources */ = {
			isa = PBXSourcesBuildPhase;
			buildActionMask = 2147483647;
			files = (
				59AFA22224E66F440070DFCD /* AppDelegate.swift in Sources */,
				59AFA23824E66FC80070DFCD /* ViewController.swift in Sources */,
				59AFA22424E66F440070DFCD /* SceneDelegate.swift in Sources */,
			);
			runOnlyForDeploymentPostprocessing = 0;
		};
		59AFA25F24EB5A880070DFCD /* Sources */ = {
			isa = PBXSourcesBuildPhase;
			buildActionMask = 2147483647;
			files = (
				59AFA26A24EB5A880070DFCD /* ViewController.swift in Sources */,
				59AFA26624EB5A880070DFCD /* AppDelegate.swift in Sources */,
				59AFA26824EB5A880070DFCD /* SceneDelegate.swift in Sources */,
			);
			runOnlyForDeploymentPostprocessing = 0;
		};
		59AFA28724EB72540070DFCD /* Sources */ = {
			isa = PBXSourcesBuildPhase;
			buildActionMask = 2147483647;
			files = (
				59AFA29224EB72540070DFCD /* ViewController.swift in Sources */,
				59AFA28E24EB72540070DFCD /* AppDelegate.swift in Sources */,
				59AFA29024EB72540070DFCD /* SceneDelegate.swift in Sources */,
			);
			runOnlyForDeploymentPostprocessing = 0;
		};
		59AFA2CB24EBB5510070DFCD /* Sources */ = {
			isa = PBXSourcesBuildPhase;
			buildActionMask = 2147483647;
			files = (
				59AFA2D624EBB5510070DFCD /* ViewController.swift in Sources */,
				59AFA2D224EBB5510070DFCD /* AppDelegate.swift in Sources */,
				59AFA2D424EBB5510070DFCD /* SceneDelegate.swift in Sources */,
			);
			runOnlyForDeploymentPostprocessing = 0;
		};
/* End PBXSourcesBuildPhase section */

/* Begin PBXVariantGroup section */
		59AFA22C24E66F440070DFCD /* LaunchScreen.storyboard */ = {
			isa = PBXVariantGroup;
			children = (
				59AFA22D24E66F440070DFCD /* Base */,
			);
			name = LaunchScreen.storyboard;
			sourceTree = "<group>";
		};
		59AFA27024EB5AC10070DFCD /* LaunchScreen.storyboard */ = {
			isa = PBXVariantGroup;
			children = (
				59AFA27124EB5AC10070DFCD /* Base */,
			);
			name = LaunchScreen.storyboard;
			sourceTree = "<group>";
		};
		59AFA29824EB726F0070DFCD /* LaunchScreen.storyboard */ = {
			isa = PBXVariantGroup;
			children = (
				59AFA29924EB726F0070DFCD /* Base */,
			);
			name = LaunchScreen.storyboard;
			sourceTree = "<group>";
		};
		59AFA2A424EB7A980070DFCD /* Main.storyboard */ = {
			isa = PBXVariantGroup;
			children = (
				59AFA2A524EB7A980070DFCD /* Base */,
			);
			name = Main.storyboard;
			sourceTree = "<group>";
		};
		59AFA2D724EBB5510070DFCD /* Main.storyboard */ = {
			isa = PBXVariantGroup;
			children = (
				59AFA2D824EBB5510070DFCD /* Base */,
			);
			name = Main.storyboard;
			sourceTree = "<group>";
		};
		59AFA2DC24EBB5640070DFCD /* LaunchScreen.storyboard */ = {
			isa = PBXVariantGroup;
			children = (
				59AFA2DD24EBB5640070DFCD /* Base */,
			);
			name = LaunchScreen.storyboard;
			sourceTree = "<group>";
		};
/* End PBXVariantGroup section */

/* Begin XCBuildConfiguration section */
		59AFA23024E66F440070DFCD /* Debug */ = {
			isa = XCBuildConfiguration;
			buildSettings = {
				ALWAYS_SEARCH_USER_PATHS = NO;
				CLANG_ANALYZER_NONNULL = YES;
				CLANG_ANALYZER_NUMBER_OBJECT_CONVERSION = YES_AGGRESSIVE;
				CLANG_CXX_LANGUAGE_STANDARD = "gnu++14";
				CLANG_CXX_LIBRARY = "libc++";
				CLANG_ENABLE_MODULES = YES;
				CLANG_ENABLE_OBJC_ARC = YES;
				CLANG_ENABLE_OBJC_WEAK = YES;
				CLANG_WARN_BLOCK_CAPTURE_AUTORELEASING = YES;
				CLANG_WARN_BOOL_CONVERSION = YES;
				CLANG_WARN_COMMA = YES;
				CLANG_WARN_CONSTANT_CONVERSION = YES;
				CLANG_WARN_DEPRECATED_OBJC_IMPLEMENTATIONS = YES;
				CLANG_WARN_DIRECT_OBJC_ISA_USAGE = YES_ERROR;
				CLANG_WARN_DOCUMENTATION_COMMENTS = YES;
				CLANG_WARN_EMPTY_BODY = YES;
				CLANG_WARN_ENUM_CONVERSION = YES;
				CLANG_WARN_INFINITE_RECURSION = YES;
				CLANG_WARN_INT_CONVERSION = YES;
				CLANG_WARN_NON_LITERAL_NULL_CONVERSION = YES;
				CLANG_WARN_OBJC_IMPLICIT_RETAIN_SELF = YES;
				CLANG_WARN_OBJC_LITERAL_CONVERSION = YES;
				CLANG_WARN_OBJC_ROOT_CLASS = YES_ERROR;
				CLANG_WARN_RANGE_LOOP_ANALYSIS = YES;
				CLANG_WARN_STRICT_PROTOTYPES = YES;
				CLANG_WARN_SUSPICIOUS_MOVE = YES;
				CLANG_WARN_UNGUARDED_AVAILABILITY = YES_AGGRESSIVE;
				CLANG_WARN_UNREACHABLE_CODE = YES;
				CLANG_WARN__DUPLICATE_METHOD_MATCH = YES;
				COPY_PHASE_STRIP = NO;
				DEBUG_INFORMATION_FORMAT = dwarf;
				ENABLE_STRICT_OBJC_MSGSEND = YES;
				ENABLE_TESTABILITY = YES;
				GCC_C_LANGUAGE_STANDARD = gnu11;
				GCC_DYNAMIC_NO_PIC = NO;
				GCC_NO_COMMON_BLOCKS = YES;
				GCC_OPTIMIZATION_LEVEL = 0;
				GCC_PREPROCESSOR_DEFINITIONS = (
					"DEBUG=1",
					"$(inherited)",
				);
				GCC_WARN_64_TO_32_BIT_CONVERSION = YES;
				GCC_WARN_ABOUT_RETURN_TYPE = YES_ERROR;
				GCC_WARN_UNDECLARED_SELECTOR = YES;
				GCC_WARN_UNINITIALIZED_AUTOS = YES_AGGRESSIVE;
				GCC_WARN_UNUSED_FUNCTION = YES;
				GCC_WARN_UNUSED_VARIABLE = YES;
				IPHONEOS_DEPLOYMENT_TARGET = 13.6;
				MTL_ENABLE_DEBUG_INFO = INCLUDE_SOURCE;
				MTL_FAST_MATH = YES;
				ONLY_ACTIVE_ARCH = YES;
				SDKROOT = iphoneos;
				SWIFT_ACTIVE_COMPILATION_CONDITIONS = DEBUG;
				SWIFT_OPTIMIZATION_LEVEL = "-Onone";
			};
			name = Debug;
		};
		59AFA23124E66F440070DFCD /* Release */ = {
			isa = XCBuildConfiguration;
			buildSettings = {
				ALWAYS_SEARCH_USER_PATHS = NO;
				CLANG_ANALYZER_NONNULL = YES;
				CLANG_ANALYZER_NUMBER_OBJECT_CONVERSION = YES_AGGRESSIVE;
				CLANG_CXX_LANGUAGE_STANDARD = "gnu++14";
				CLANG_CXX_LIBRARY = "libc++";
				CLANG_ENABLE_MODULES = YES;
				CLANG_ENABLE_OBJC_ARC = YES;
				CLANG_ENABLE_OBJC_WEAK = YES;
				CLANG_WARN_BLOCK_CAPTURE_AUTORELEASING = YES;
				CLANG_WARN_BOOL_CONVERSION = YES;
				CLANG_WARN_COMMA = YES;
				CLANG_WARN_CONSTANT_CONVERSION = YES;
				CLANG_WARN_DEPRECATED_OBJC_IMPLEMENTATIONS = YES;
				CLANG_WARN_DIRECT_OBJC_ISA_USAGE = YES_ERROR;
				CLANG_WARN_DOCUMENTATION_COMMENTS = YES;
				CLANG_WARN_EMPTY_BODY = YES;
				CLANG_WARN_ENUM_CONVERSION = YES;
				CLANG_WARN_INFINITE_RECURSION = YES;
				CLANG_WARN_INT_CONVERSION = YES;
				CLANG_WARN_NON_LITERAL_NULL_CONVERSION = YES;
				CLANG_WARN_OBJC_IMPLICIT_RETAIN_SELF = YES;
				CLANG_WARN_OBJC_LITERAL_CONVERSION = YES;
				CLANG_WARN_OBJC_ROOT_CLASS = YES_ERROR;
				CLANG_WARN_RANGE_LOOP_ANALYSIS = YES;
				CLANG_WARN_STRICT_PROTOTYPES = YES;
				CLANG_WARN_SUSPICIOUS_MOVE = YES;
				CLANG_WARN_UNGUARDED_AVAILABILITY = YES_AGGRESSIVE;
				CLANG_WARN_UNREACHABLE_CODE = YES;
				CLANG_WARN__DUPLICATE_METHOD_MATCH = YES;
				COPY_PHASE_STRIP = NO;
				DEBUG_INFORMATION_FORMAT = "dwarf-with-dsym";
				ENABLE_NS_ASSERTIONS = NO;
				ENABLE_STRICT_OBJC_MSGSEND = YES;
				GCC_C_LANGUAGE_STANDARD = gnu11;
				GCC_NO_COMMON_BLOCKS = YES;
				GCC_WARN_64_TO_32_BIT_CONVERSION = YES;
				GCC_WARN_ABOUT_RETURN_TYPE = YES_ERROR;
				GCC_WARN_UNDECLARED_SELECTOR = YES;
				GCC_WARN_UNINITIALIZED_AUTOS = YES_AGGRESSIVE;
				GCC_WARN_UNUSED_FUNCTION = YES;
				GCC_WARN_UNUSED_VARIABLE = YES;
				IPHONEOS_DEPLOYMENT_TARGET = 13.6;
				MTL_ENABLE_DEBUG_INFO = NO;
				MTL_FAST_MATH = YES;
				SDKROOT = iphoneos;
				SWIFT_COMPILATION_MODE = wholemodule;
				SWIFT_OPTIMIZATION_LEVEL = "-O";
				VALIDATE_PRODUCT = YES;
			};
			name = Release;
		};
		59AFA23324E66F440070DFCD /* Debug */ = {
			isa = XCBuildConfiguration;
			buildSettings = {
				ASSETCATALOG_COMPILER_APPICON_NAME = AppIcon;
				CODE_SIGN_STYLE = Automatic;
				INFOPLIST_FILE = iOS/Info.plist;
				LD_RUNPATH_SEARCH_PATHS = (
					"$(inherited)",
					"@executable_path/Frameworks",
				);
				PRODUCT_BUNDLE_IDENTIFIER = gmail.binkug940.iOS;
				PRODUCT_NAME = "$(TARGET_NAME)";
				SWIFT_VERSION = 5.0;
				TARGETED_DEVICE_FAMILY = "1,2";
			};
			name = Debug;
		};
		59AFA23424E66F440070DFCD /* Release */ = {
			isa = XCBuildConfiguration;
			buildSettings = {
				ASSETCATALOG_COMPILER_APPICON_NAME = AppIcon;
				CODE_SIGN_STYLE = Automatic;
				INFOPLIST_FILE = iOS/Info.plist;
				LD_RUNPATH_SEARCH_PATHS = (
					"$(inherited)",
					"@executable_path/Frameworks",
				);
				PRODUCT_BUNDLE_IDENTIFIER = gmail.binkug940.iOS;
				PRODUCT_NAME = "$(TARGET_NAME)";
				SWIFT_VERSION = 5.0;
				TARGETED_DEVICE_FAMILY = "1,2";
			};
			name = Release;
		};
		59AFA27424EB5AC10070DFCD /* Debug */ = {
			isa = XCBuildConfiguration;
			buildSettings = {
				ASSETCATALOG_COMPILER_APPICON_NAME = AppIcon;
				CODE_SIGN_STYLE = Automatic;
				INFOPLIST_FILE = ScrollViewPaging/Info.plist;
				LD_RUNPATH_SEARCH_PATHS = (
					"$(inherited)",
					"@executable_path/Frameworks",
				);
				PRODUCT_BUNDLE_IDENTIFIER = gmail.binkug940.ScrollViewPaging;
				PRODUCT_NAME = "$(TARGET_NAME)";
				SWIFT_VERSION = 5.0;
				TARGETED_DEVICE_FAMILY = "1,2";
			};
			name = Debug;
		};
		59AFA27524EB5AC10070DFCD /* Release */ = {
			isa = XCBuildConfiguration;
			buildSettings = {
				ASSETCATALOG_COMPILER_APPICON_NAME = AppIcon;
				CODE_SIGN_STYLE = Automatic;
				INFOPLIST_FILE = ScrollViewPaging/Info.plist;
				LD_RUNPATH_SEARCH_PATHS = (
					"$(inherited)",
					"@executable_path/Frameworks",
				);
				PRODUCT_BUNDLE_IDENTIFIER = gmail.binkug940.ScrollViewPaging;
				PRODUCT_NAME = "$(TARGET_NAME)";
				SWIFT_VERSION = 5.0;
				TARGETED_DEVICE_FAMILY = "1,2";
			};
			name = Release;
		};
		59AFA29D24EB726F0070DFCD /* Debug */ = {
			isa = XCBuildConfiguration;
			buildSettings = {
				ASSETCATALOG_COMPILER_APPICON_NAME = AppIcon;
				CODE_SIGN_STYLE = Automatic;
				INFOPLIST_FILE = PikerVIew/Info.plist;
				LD_RUNPATH_SEARCH_PATHS = (
					"$(inherited)",
					"@executable_path/Frameworks",
				);
				PRODUCT_BUNDLE_IDENTIFIER = gmail.binkug940.PikerVIew;
				PRODUCT_NAME = "$(TARGET_NAME)";
				SWIFT_VERSION = 5.0;
				TARGETED_DEVICE_FAMILY = "1,2";
			};
			name = Debug;
		};
		59AFA29E24EB726F0070DFCD /* Release */ = {
			isa = XCBuildConfiguration;
			buildSettings = {
				ASSETCATALOG_COMPILER_APPICON_NAME = AppIcon;
				CODE_SIGN_STYLE = Automatic;
				INFOPLIST_FILE = PikerVIew/Info.plist;
				LD_RUNPATH_SEARCH_PATHS = (
					"$(inherited)",
					"@executable_path/Frameworks",
				);
				PRODUCT_BUNDLE_IDENTIFIER = gmail.binkug940.PikerVIew;
				PRODUCT_NAME = "$(TARGET_NAME)";
				SWIFT_VERSION = 5.0;
				TARGETED_DEVICE_FAMILY = "1,2";
			};
			name = Release;
		};
		59AFA2E124EBB5640070DFCD /* Debug */ = {
			isa = XCBuildConfiguration;
			buildSettings = {
				ASSETCATALOG_COMPILER_APPICON_NAME = AppIcon;
				CODE_SIGN_STYLE = Automatic;
				INFOPLIST_FILE = Notification/Info.plist;
				LD_RUNPATH_SEARCH_PATHS = (
					"$(inherited)",
					"@executable_path/Frameworks",
				);
				PRODUCT_BUNDLE_IDENTIFIER = gmail.binkug940.Notification;
				PRODUCT_NAME = "$(TARGET_NAME)";
				SWIFT_VERSION = 5.0;
				TARGETED_DEVICE_FAMILY = "1,2";
			};
			name = Debug;
		};
		59AFA2E224EBB5640070DFCD /* Release */ = {
			isa = XCBuildConfiguration;
			buildSettings = {
				ASSETCATALOG_COMPILER_APPICON_NAME = AppIcon;
				CODE_SIGN_STYLE = Automatic;
				INFOPLIST_FILE = Notification/Info.plist;
				LD_RUNPATH_SEARCH_PATHS = (
					"$(inherited)",
					"@executable_path/Frameworks",
				);
				PRODUCT_BUNDLE_IDENTIFIER = gmail.binkug940.Notification;
				PRODUCT_NAME = "$(TARGET_NAME)";
				SWIFT_VERSION = 5.0;
				TARGETED_DEVICE_FAMILY = "1,2";
			};
			name = Release;
		};
/* End XCBuildConfiguration section */

/* Begin XCConfigurationList section */
		59AFA21924E66F440070DFCD /* Build configuration list for PBXProject "iOS" */ = {
			isa = XCConfigurationList;
			buildConfigurations = (
				59AFA23024E66F440070DFCD /* Debug */,
				59AFA23124E66F440070DFCD /* Release */,
			);
			defaultConfigurationIsVisible = 0;
			defaultConfigurationName = Release;
		};
		59AFA23224E66F440070DFCD /* Build configuration list for PBXNativeTarget "iOS" */ = {
			isa = XCConfigurationList;
			buildConfigurations = (
				59AFA23324E66F440070DFCD /* Debug */,
				59AFA23424E66F440070DFCD /* Release */,
			);
			defaultConfigurationIsVisible = 0;
			defaultConfigurationName = Release;
		};
		59AFA27624EB5AC10070DFCD /* Build configuration list for PBXNativeTarget "ScrollViewPaging" */ = {
			isa = XCConfigurationList;
			buildConfigurations = (
				59AFA27424EB5AC10070DFCD /* Debug */,
				59AFA27524EB5AC10070DFCD /* Release */,
			);
			defaultConfigurationIsVisible = 0;
			defaultConfigurationName = Release;
		};
		59AFA29C24EB726F0070DFCD /* Build configuration list for PBXNativeTarget "PikerVIew" */ = {
			isa = XCConfigurationList;
			buildConfigurations = (
				59AFA29D24EB726F0070DFCD /* Debug */,
				59AFA29E24EB726F0070DFCD /* Release */,
			);
			defaultConfigurationIsVisible = 0;
			defaultConfigurationName = Release;
		};
		59AFA2E024EBB5640070DFCD /* Build configuration list for PBXNativeTarget "Notification" */ = {
			isa = XCConfigurationList;
			buildConfigurations = (
				59AFA2E124EBB5640070DFCD /* Debug */,
				59AFA2E224EBB5640070DFCD /* Release */,
			);
			defaultConfigurationIsVisible = 0;
			defaultConfigurationName = Release;
		};
/* End XCConfigurationList section */
	};
	rootObject = 59AFA21624E66F440070DFCD /* Project object */;
}
